
Microsoft Visual Studio Solution File, Format Version 12.00
# Visual Studio Version 16
VisualStudioVersion = 16.0.31229.75
MinimumVisualStudioVersion = 10.0.40219.1
Project("{8BC9CEB8-8B4A-11D0-8D11-00A0C91BC942}") = "ReplaceStrDLL", "ReplaceStrDLL\ReplaceStrDLL.vcxproj", "{E2F44BC7-6211-4279-BF48-7E995E594372}"
EndProject
Project("{8BC9CEB8-8B4A-11D0-8D11-00A0C91BC942}") = "InjectReplaceStrDLL", "InjectReplaceStrDLL\InjectReplaceStrDLL.vcxproj", "{CDA69879-D307-4CC5-B730-7BF1455FAA35}"
EndProject
Project("{8BC9CEB8-8B4A-11D0-8D11-00A0C91BC942}") = "Injector", "Injector\Injector.vcxproj", "{C4B35298-5A83-48F3-AE42-6227148A6293}"
EndProject
Project("{8BC9CEB8-8B4A-11D0-8D11-00A0C91BC942}") = "DynamicImport", "DynamicImport\DynamicImport.vcxproj", "{4C17AD96-6629-4B15-BA85-95C86EA2B314}"
EndProject
Project("{8BC9CEB8-8B4A-11D0-8D11-00A0C91BC942}") = "StaticImport", "StaticImport\StaticImport.vcxproj", "{4B69DEF5-79DF-4E69-BE5D-9A913D139A1F}"
EndProject
Project("{8BC9CEB8-8B4A-11D0-8D11-00A0C91BC942}") = "ProcessForInjection", "ProcessForInjection\ProcessForInjection.vcxproj", "{B0595385-420C-4F9B-B791-7C629387808D}"
EndProject
Global
	GlobalSection(SolutionConfigurationPlatforms) = preSolution
		Debug|x64 = Debug|x64
		Debug|x86 = Debug|x86
		Release|x64 = Release|x64
		Release|x86 = Release|x86
	EndGlobalSection
	GlobalSection(ProjectConfigurationPlatforms) = postSolution
		{E2F44BC7-6211-4279-BF48-7E995E594372}.Debug|x64.ActiveCfg = Debug|x64
		{E2F44BC7-6211-4279-BF48-7E995E594372}.Debug|x64.Build.0 = Debug|x64
		{E2F44BC7-6211-4279-BF48-7E995E594372}.Debug|x86.ActiveCfg = Debug|Win32
		{E2F44BC7-6211-4279-BF48-7E995E594372}.Debug|x86.Build.0 = Debug|Win32
		{E2F44BC7-6211-4279-BF48-7E995E594372}.Release|x64.ActiveCfg = Release|x64
		{E2F44BC7-6211-4279-BF48-7E995E594372}.Release|x64.Build.0 = Release|x64
		{E2F44BC7-6211-4279-BF48-7E995E594372}.Release|x86.ActiveCfg = Release|Win32
		{E2F44BC7-6211-4279-BF48-7E995E594372}.Release|x86.Build.0 = Release|Win32
		{CDA69879-D307-4CC5-B730-7BF1455FAA35}.Debug|x64.ActiveCfg = Debug|x64
		{CDA69879-D307-4CC5-B730-7BF1455FAA35}.Debug|x64.Build.0 = Debug|x64
		{CDA69879-D307-4CC5-B730-7BF1455FAA35}.Debug|x86.ActiveCfg = Debug|Win32
		{CDA69879-D307-4CC5-B730-7BF1455FAA35}.Debug|x86.Build.0 = Debug|Win32
		{CDA69879-D307-4CC5-B730-7BF1455FAA35}.Release|x64.ActiveCfg = Release|x64
		{CDA69879-D307-4CC5-B730-7BF1455FAA35}.Release|x64.Build.0 = Release|x64
		{CDA69879-D307-4CC5-B730-7BF1455FAA35}.Release|x86.ActiveCfg = Release|Win32
		{CDA69879-D307-4CC5-B730-7BF1455FAA35}.Release|x86.Build.0 = Release|Win32
		{C4B35298-5A83-48F3-AE42-6227148A6293}.Debug|x64.ActiveCfg = Debug|x64
		{C4B35298-5A83-48F3-AE42-6227148A6293}.Debug|x64.Build.0 = Debug|x64
		{C4B35298-5A83-48F3-AE42-6227148A6293}.Debug|x86.ActiveCfg = Debug|Win32
		{C4B35298-5A83-48F3-AE42-6227148A6293}.Debug|x86.Build.0 = Debug|Win32
		{C4B35298-5A83-48F3-AE42-6227148A6293}.Release|x64.ActiveCfg = Release|x64
		{C4B35298-5A83-48F3-AE42-6227148A6293}.Release|x64.Build.0 = Release|x64
		{C4B35298-5A83-48F3-AE42-6227148A6293}.Release|x86.ActiveCfg = Release|Win32
		{C4B35298-5A83-48F3-AE42-6227148A6293}.Release|x86.Build.0 = Release|Win32
		{4C17AD96-6629-4B15-BA85-95C86EA2B314}.Debug|x64.ActiveCfg = Debug|x64
		{4C17AD96-6629-4B15-BA85-95C86EA2B314}.Debug|x64.Build.0 = Debug|x64
		{4C17AD96-6629-4B15-BA85-95C86EA2B314}.Debug|x86.ActiveCfg = Debug|Win32
		{4C17AD96-6629-4B15-BA85-95C86EA2B314}.Debug|x86.Build.0 = Debug|Win32
		{4C17AD96-6629-4B15-BA85-95C86EA2B314}.Release|x64.ActiveCfg = Release|x64
		{4C17AD96-6629-4B15-BA85-95C86EA2B314}.Release|x64.Build.0 = Release|x64
		{4C17AD96-6629-4B15-BA85-95C86EA2B314}.Release|x86.ActiveCfg = Release|Win32
		{4C17AD96-6629-4B15-BA85-95C86EA2B314}.Release|x86.Build.0 = Release|Win32
		{4B69DEF5-79DF-4E69-BE5D-9A913D139A1F}.Debug|x64.ActiveCfg = Debug|x64
		{4B69DEF5-79DF-4E69-BE5D-9A913D139A1F}.Debug|x64.Build.0 = Debug|x64
		{4B69DEF5-79DF-4E69-BE5D-9A913D139A1F}.Debug|x86.ActiveCfg = Debug|Win32
		{4B69DEF5-79DF-4E69-BE5D-9A913D139A1F}.Debug|x86.Build.0 = Debug|Win32
		{4B69DEF5-79DF-4E69-BE5D-9A913D139A1F}.Release|x64.ActiveCfg = Release|x64
		{4B69DEF5-79DF-4E69-BE5D-9A913D139A1F}.Release|x64.Build.0 = Release|x64
		{4B69DEF5-79DF-4E69-BE5D-9A913D139A1F}.Release|x86.ActiveCfg = Release|Win32
		{4B69DEF5-79DF-4E69-BE5D-9A913D139A1F}.Release|x86.Build.0 = Release|Win32
		{B0595385-420C-4F9B-B791-7C629387808D}.Debug|x64.ActiveCfg = Debug|x64
		{B0595385-420C-4F9B-B791-7C629387808D}.Debug|x64.Build.0 = Debug|x64
		{B0595385-420C-4F9B-B791-7C629387808D}.Debug|x86.ActiveCfg = Debug|Win32
		{B0595385-420C-4F9B-B791-7C629387808D}.Debug|x86.Build.0 = Debug|Win32
		{B0595385-420C-4F9B-B791-7C629387808D}.Release|x64.ActiveCfg = Release|x64
		{B0595385-420C-4F9B-B791-7C629387808D}.Release|x64.Build.0 = Release|x64
		{B0595385-420C-4F9B-B791-7C629387808D}.Release|x86.ActiveCfg = Release|Win32
		{B0595385-420C-4F9B-B791-7C629387808D}.Release|x86.Build.0 = Release|Win32
	EndGlobalSection
	GlobalSection(SolutionProperties) = preSolution
		HideSolutionNode = FALSE
	EndGlobalSection
	GlobalSection(ExtensibilityGlobals) = postSolution
		SolutionGuid = {6F706ED0-FFC2-4D9D-B0BF-809C6970F030}
	EndGlobalSection
EndGlobal
